
Microsoft Visual Studio Solution File, Format Version 12.00
# Visual Studio Version 17
VisualStudioVersion = 17.0.31903.59
MinimumVisualStudioVersion = 10.0.40219.1
Project("{FAE04EC0-301F-11D3-BF4B-00C04F79EFBC}") = "GSEP", "GSEP.csproj", "{581F3A12-0B4A-4A0C-B63D-A1D5ECEEF4AC}"
EndProject
Global
	GlobalSection(SolutionConfigurationPlatforms) = preSolution
		Debug|Any CPU = Debug|Any CPU
		Release|Any CPU = Release|Any CPU
	EndGlobalSection
	GlobalSection(ProjectConfigurationPlatforms) = postSolution
		{581F3A12-0B4A-4A0C-B63D-A1D5ECEEF4AC}.Debug|Any CPU.ActiveCfg = Debug|Any CPU
		{581F3A12-0B4A-4A0C-B63D-A1D5ECEEF4AC}.Debug|Any CPU.Build.0 = Debug|Any CPU
		{581F3A12-0B4A-4A0C-B63D-A1D5ECEEF4AC}.Release|Any CPU.ActiveCfg = Release|Any CPU
		{581F3A12-0B4A-4A0C-B63D-A1D5ECEEF4AC}.Release|Any CPU.Build.0 = Release|Any CPU
	EndGlobalSection
	GlobalSection(SolutionProperties) = preSolution
		HideSolutionNode = FALSE
	EndGlobalSection
	GlobalSection(ExtensibilityGlobals) = postSolution
		SolutionGuid = {BFE25058-449F-42B4-9024-B3AF338425FD}
	EndGlobalSection
EndGlobal
